
Microsoft Visual Studio Solution File, Format Version 12.00
# Visual Studio Version 17
VisualStudioVersion = 17.1.32228.430
MinimumVisualStudioVersion = 10.0.40219.1
Project("{9A19103F-16F7-4668-BE54-9A1E7A4F7556}") = "ApiAlertaDePrazos", "ApiAlertaDePrazos\ApiAlertaDePrazos.csproj", "{A0C7EE5B-FC09-4BDD-BCBD-8465E04C59BA}"
EndProject
Project("{9A19103F-16F7-4668-BE54-9A1E7A4F7556}") = "ApiUFU", "ApiUFU\ApiUFU.csproj", "{66549BCC-6F84-4844-8D55-3F9A53116F17}"
EndProject
Project("{9A19103F-16F7-4668-BE54-9A1E7A4F7556}") = "RoboAlertaDePrazos", "RoboAlertaDePrazos\RoboAlertaDePrazos.csproj", "{60BC0982-756F-407C-962C-EF4E694A5AB0}"
EndProject
Project("{9A19103F-16F7-4668-BE54-9A1E7A4F7556}") = "AlertaDePrazosLibrary", "AlertaDePrazosLibrary\AlertaDePrazosLibrary.csproj", "{CEBF95B5-EA90-46A7-AEA3-F94808977B9A}"
EndProject
Project("{9A19103F-16F7-4668-BE54-9A1E7A4F7556}") = "AppAlertaDePrazos", "AppAlertaDePrazos\AppAlertaDePrazos.csproj", "{2555B949-1F1D-4ADB-B548-219EA68EC102}"
EndProject
Global
	GlobalSection(SolutionConfigurationPlatforms) = preSolution
		Debug|Any CPU = Debug|Any CPU
		Release|Any CPU = Release|Any CPU
	EndGlobalSection
	GlobalSection(ProjectConfigurationPlatforms) = postSolution
		{A0C7EE5B-FC09-4BDD-BCBD-8465E04C59BA}.Debug|Any CPU.ActiveCfg = Debug|Any CPU
		{A0C7EE5B-FC09-4BDD-BCBD-8465E04C59BA}.Debug|Any CPU.Build.0 = Debug|Any CPU
		{A0C7EE5B-FC09-4BDD-BCBD-8465E04C59BA}.Release|Any CPU.ActiveCfg = Release|Any CPU
		{A0C7EE5B-FC09-4BDD-BCBD-8465E04C59BA}.Release|Any CPU.Build.0 = Release|Any CPU
		{66549BCC-6F84-4844-8D55-3F9A53116F17}.Debug|Any CPU.ActiveCfg = Debug|Any CPU
		{66549BCC-6F84-4844-8D55-3F9A53116F17}.Debug|Any CPU.Build.0 = Debug|Any CPU
		{66549BCC-6F84-4844-8D55-3F9A53116F17}.Release|Any CPU.ActiveCfg = Release|Any CPU
		{66549BCC-6F84-4844-8D55-3F9A53116F17}.Release|Any CPU.Build.0 = Release|Any CPU
		{60BC0982-756F-407C-962C-EF4E694A5AB0}.Debug|Any CPU.ActiveCfg = Debug|Any CPU
		{60BC0982-756F-407C-962C-EF4E694A5AB0}.Debug|Any CPU.Build.0 = Debug|Any CPU
		{60BC0982-756F-407C-962C-EF4E694A5AB0}.Release|Any CPU.ActiveCfg = Release|Any CPU
		{60BC0982-756F-407C-962C-EF4E694A5AB0}.Release|Any CPU.Build.0 = Release|Any CPU
		{CEBF95B5-EA90-46A7-AEA3-F94808977B9A}.Debug|Any CPU.ActiveCfg = Debug|Any CPU
		{CEBF95B5-EA90-46A7-AEA3-F94808977B9A}.Debug|Any CPU.Build.0 = Debug|Any CPU
		{CEBF95B5-EA90-46A7-AEA3-F94808977B9A}.Release|Any CPU.ActiveCfg = Release|Any CPU
		{CEBF95B5-EA90-46A7-AEA3-F94808977B9A}.Release|Any CPU.Build.0 = Release|Any CPU
		{2555B949-1F1D-4ADB-B548-219EA68EC102}.Debug|Any CPU.ActiveCfg = Debug|Any CPU
		{2555B949-1F1D-4ADB-B548-219EA68EC102}.Debug|Any CPU.Build.0 = Debug|Any CPU
		{2555B949-1F1D-4ADB-B548-219EA68EC102}.Release|Any CPU.ActiveCfg = Release|Any CPU
		{2555B949-1F1D-4ADB-B548-219EA68EC102}.Release|Any CPU.Build.0 = Release|Any CPU
	EndGlobalSection
	GlobalSection(SolutionProperties) = preSolution
		HideSolutionNode = FALSE
	EndGlobalSection
	GlobalSection(ExtensibilityGlobals) = postSolution
		SolutionGuid = {405BEA6B-2774-4922-BE62-73D76EA3E374}
	EndGlobalSection
EndGlobal
